// !$*UTF8*$!
{
	archiveVersion = 1;
	classes = {
	};
	objectVersion = 46;
	objects = {

/* Begin PBXBuildFile section */
		45AAF88519797F83007BCBB3 /* Foundation.framework in Frameworks */ = {isa = PBXBuildFile; fileRef = 45AAF88419797F83007BCBB3 /* Foundation.framework */; };
		45AAF88719797F83007BCBB3 /* CoreGraphics.framework in Frameworks */ = {isa = PBXBuildFile; fileRef = 45AAF88619797F83007BCBB3 /* CoreGraphics.framework */; };
		45AAF88919797F83007BCBB3 /* UIKit.framework in Frameworks */ = {isa = PBXBuildFile; fileRef = 45AAF88819797F83007BCBB3 /* UIKit.framework */; };
		45AAF88F19797F83007BCBB3 /* InfoPlist.strings in Resources */ = {isa = PBXBuildFile; fileRef = 45AAF88D19797F83007BCBB3 /* InfoPlist.strings */; };
		45AAF89119797F83007BCBB3 /* main.m in Sources */ = {isa = PBXBuildFile; fileRef = 45AAF89019797F83007BCBB3 /* main.m */; };
		45AAF89519797F83007BCBB3 /* FXIAppDelegate.m in Sources */ = {isa = PBXBuildFile; fileRef = 45AAF89419797F83007BCBB3 /* FXIAppDelegate.m */; };
		45AAF89719797F83007BCBB3 /* Images.xcassets in Resources */ = {isa = PBXBuildFile; fileRef = 45AAF89619797F83007BCBB3 /* Images.xcassets */; };
		45AAF89E19797F83007BCBB3 /* XCTest.framework in Frameworks */ = {isa = PBXBuildFile; fileRef = 45AAF89D19797F83007BCBB3 /* XCTest.framework */; };
		45AAF89F19797F83007BCBB3 /* Foundation.framework in Frameworks */ = {isa = PBXBuildFile; fileRef = 45AAF88419797F83007BCBB3 /* Foundation.framework */; };
		45AAF8A019797F83007BCBB3 /* UIKit.framework in Frameworks */ = {isa = PBXBuildFile; fileRef = 45AAF88819797F83007BCBB3 /* UIKit.framework */; };
		45AAF8A819797F83007BCBB3 /* InfoPlist.strings in Resources */ = {isa = PBXBuildFile; fileRef = 45AAF8A619797F83007BCBB3 /* InfoPlist.strings */; };
		45AAF8AA19797F83007BCBB3 /* FireExtinguisherInventoryTests.m in Sources */ = {isa = PBXBuildFile; fileRef = 45AAF8A919797F83007BCBB3 /* FireExtinguisherInventoryTests.m */; };
/* End PBXBuildFile section */

/* Begin PBXContainerItemProxy section */
		45AAF8A119797F83007BCBB3 /* PBXContainerItemProxy */ = {
			isa = PBXContainerItemProxy;
			containerPortal = 45AAF87919797F83007BCBB3 /* Project object */;
			proxyType = 1;
			remoteGlobalIDString = 45AAF88019797F83007BCBB3;
			remoteInfo = FireExtinguisherInventory;
		};
/* End PBXContainerItemProxy section */

/* Begin PBXFileReference section */
		45AAF88119797F83007BCBB3 /* FireExtinguisherInventory.app */ = {isa = PBXFileReference; explicitFileType = wrapper.application; includeInIndex = 0; path = FireExtinguisherInventory.app; sourceTree = BUILT_PRODUCTS_DIR; };
		45AAF88419797F83007BCBB3 /* Foundation.framework */ = {isa = PBXFileReference; lastKnownFileType = wrapper.framework; name = Foundation.framework; path = System/Library/Frameworks/Foundation.framework; sourceTree = SDKROOT; };
		45AAF88619797F83007BCBB3 /* CoreGraphics.framework */ = {isa = PBXFileReference; lastKnownFileType = wrapper.framework; name = CoreGraphics.framework; path = System/Library/Frameworks/CoreGraphics.framework; sourceTree = SDKROOT; };
		45AAF88819797F83007BCBB3 /* UIKit.framework */ = {isa = PBXFileReference; lastKnownFileType = wrapper.framework; name = UIKit.framework; path = System/Library/Frameworks/UIKit.framework; sourceTree = SDKROOT; };
		45AAF88C19797F83007BCBB3 /* FireExtinguisherInventory-Info.plist */ = {isa = PBXFileReference; lastKnownFileType = text.plist.xml; path = "FireExtinguisherInventory-Info.plist"; sourceTree = "<group>"; };
		45AAF88E19797F83007BCBB3 /* en */ = {isa = PBXFileReference; lastKnownFileType = text.plist.strings; name = en; path = en.lproj/InfoPlist.strings; sourceTree = "<group>"; };
		45AAF89019797F83007BCBB3 /* main.m */ = {isa = PBXFileReference; lastKnownFileType = sourcecode.c.objc; path = main.m; sourceTree = "<group>"; };
		45AAF89219797F83007BCBB3 /* FireExtinguisherInventory-Prefix.pch */ = {isa = PBXFileReference; lastKnownFileType = sourcecode.c.h; path = "FireExtinguisherInventory-Prefix.pch"; sourceTree = "<group>"; };
		45AAF89319797F83007BCBB3 /* FXIAppDelegate.h */ = {isa = PBXFileReference; lastKnownFileType = sourcecode.c.h; path = FXIAppDelegate.h; sourceTree = "<group>"; };
		45AAF89419797F83007BCBB3 /* FXIAppDelegate.m */ = {isa = PBXFileReference; lastKnownFileType = sourcecode.c.objc; path = FXIAppDelegate.m; sourceTree = "<group>"; };
		45AAF89619797F83007BCBB3 /* Images.xcassets */ = {isa = PBXFileReference; lastKnownFileType = folder.assetcatalog; path = Images.xcassets; sourceTree = "<group>"; };
		45AAF89C19797F83007BCBB3 /* FireExtinguisherInventoryTests.xctest */ = {isa = PBXFileReference; explicitFileType = wrapper.cfbundle; includeInIndex = 0; path = FireExtinguisherInventoryTests.xctest; sourceTree = BUILT_PRODUCTS_DIR; };
		45AAF89D19797F83007BCBB3 /* XCTest.framework */ = {isa = PBXFileReference; lastKnownFileType = wrapper.framework; name = XCTest.framework; path = Library/Frameworks/XCTest.framework; sourceTree = DEVELOPER_DIR; };
		45AAF8A519797F83007BCBB3 /* FireExtinguisherInventoryTests-Info.plist */ = {isa = PBXFileReference; lastKnownFileType = text.plist.xml; path = "FireExtinguisherInventoryTests-Info.plist"; sourceTree = "<group>"; };
		45AAF8A719797F83007BCBB3 /* en */ = {isa = PBXFileReference; lastKnownFileType = text.plist.strings; name = en; path = en.lproj/InfoPlist.strings; sourceTree = "<group>"; };
		45AAF8A919797F83007BCBB3 /* FireExtinguisherInventoryTests.m */ = {isa = PBXFileReference; lastKnownFileType = sourcecode.c.objc; path = FireExtinguisherInventoryTests.m; sourceTree = "<group>"; };
/* End PBXFileReference section */

/* Begin PBXFrameworksBuildPhase section */
		45AAF87E19797F83007BCBB3 /* Frameworks */ = {
			isa = PBXFrameworksBuildPhase;
			buildActionMask = 2147483647;
			files = (
				45AAF88719797F83007BCBB3 /* CoreGraphics.framework in Frameworks */,
				45AAF88919797F83007BCBB3 /* UIKit.framework in Frameworks */,
				45AAF88519797F83007BCBB3 /* Foundation.framework in Frameworks */,
			);
			runOnlyForDeploymentPostprocessing = 0;
		};
		45AAF89919797F83007BCBB3 /* Frameworks */ = {
			isa = PBXFrameworksBuildPhase;
			buildActionMask = 2147483647;
			files = (
				45AAF89E19797F83007BCBB3 /* XCTest.framework in Frameworks */,
				45AAF8A019797F83007BCBB3 /* UIKit.framework in Frameworks */,
				45AAF89F19797F83007BCBB3 /* Foundation.framework in Frameworks */,
			);
			runOnlyForDeploymentPostprocessing = 0;
		};
/* End PBXFrameworksBuildPhase section */

/* Begin PBXGroup section */
		45AAF87819797F83007BCBB3 = {
			isa = PBXGroup;
			children = (
				45AAF88A19797F83007BCBB3 /* FireExtinguisherInventory */,
				45AAF8A319797F83007BCBB3 /* FireExtinguisherInventoryTests */,
				45AAF88319797F83007BCBB3 /* Frameworks */,
				45AAF88219797F83007BCBB3 /* Products */,
			);
			sourceTree = "<group>";
		};
		45AAF88219797F83007BCBB3 /* Products */ = {
			isa = PBXGroup;
			children = (
				45AAF88119797F83007BCBB3 /* FireExtinguisherInventory.app */,
				45AAF89C19797F83007BCBB3 /* FireExtinguisherInventoryTests.xctest */,
			);
			name = Products;
			sourceTree = "<group>";
		};
		45AAF88319797F83007BCBB3 /* Frameworks */ = {
			isa = PBXGroup;
			children = (
				45AAF88419797F83007BCBB3 /* Foundation.framework */,
				45AAF88619797F83007BCBB3 /* CoreGraphics.framework */,
				45AAF88819797F83007BCBB3 /* UIKit.framework */,
				45AAF89D19797F83007BCBB3 /* XCTest.framework */,
			);
			name = Frameworks;
			sourceTree = "<group>";
		};
		45AAF88A19797F83007BCBB3 /* FireExtinguisherInventory */ = {
			isa = PBXGroup;
			children = (
				45AAF89319797F83007BCBB3 /* FXIAppDelegate.h */,
				45AAF89419797F83007BCBB3 /* FXIAppDelegate.m */,
				45AAF89619797F83007BCBB3 /* Images.xcassets */,
				45AAF88B19797F83007BCBB3 /* Supporting Files */,
			);
			path = FireExtinguisherInventory;
			sourceTree = "<group>";
		};
		45AAF88B19797F83007BCBB3 /* Supporting Files */ = {
			isa = PBXGroup;
			children = (
				45AAF88C19797F83007BCBB3 /* FireExtinguisherInventory-Info.plist */,
				45AAF88D19797F83007BCBB3 /* InfoPlist.strings */,
				45AAF89019797F83007BCBB3 /* main.m */,
				45AAF89219797F83007BCBB3 /* FireExtinguisherInventory-Prefix.pch */,
			);
			name = "Supporting Files";
			sourceTree = "<group>";
		};
		45AAF8A319797F83007BCBB3 /* FireExtinguisherInventoryTests */ = {
			isa = PBXGroup;
			children = (
				45AAF8A919797F83007BCBB3 /* FireExtinguisherInventoryTests.m */,
				45AAF8A419797F83007BCBB3 /* Supporting Files */,
			);
			path = FireExtinguisherInventoryTests;
			sourceTree = "<group>";
		};
		45AAF8A419797F83007BCBB3 /* Supporting Files */ = {
			isa = PBXGroup;
			children = (
				45AAF8A519797F83007BCBB3 /* FireExtinguisherInventoryTests-Info.plist */,
				45AAF8A619797F83007BCBB3 /* InfoPlist.strings */,
			);
			name = "Supporting Files";
			sourceTree = "<group>";
		};
/* End PBXGroup section */

/* Begin PBXNativeTarget section */
		45AAF88019797F83007BCBB3 /* FireExtinguisherInventory */ = {
			isa = PBXNativeTarget;
			buildConfigurationList = 45AAF8AD19797F83007BCBB3 /* Build configuration list for PBXNativeTarget "FireExtinguisherInventory" */;
			buildPhases = (
				45AAF87D19797F83007BCBB3 /* Sources */,
				45AAF87E19797F83007BCBB3 /* Frameworks */,
				45AAF87F19797F83007BCBB3 /* Resources */,
			);
			buildRules = (
			);
			dependencies = (
			);
			name = FireExtinguisherInventory;
			productName = FireExtinguisherInventory;
			productReference = 45AAF88119797F83007BCBB3 /* FireExtinguisherInventory.app */;
			productType = "com.apple.product-type.application";
		};
		45AAF89B19797F83007BCBB3 /* FireExtinguisherInventoryTests */ = {
			isa = PBXNativeTarget;
			buildConfigurationList = 45AAF8B019797F83007BCBB3 /* Build configuration list for PBXNativeTarget "FireExtinguisherInventoryTests" */;
			buildPhases = (
				45AAF89819797F83007BCBB3 /* Sources */,
				45AAF89919797F83007BCBB3 /* Frameworks */,
				45AAF89A19797F83007BCBB3 /* Resources */,
			);
			buildRules = (
			);
			dependencies = (
				45AAF8A219797F83007BCBB3 /* PBXTargetDependency */,
			);
			name = FireExtinguisherInventoryTests;
			productName = FireExtinguisherInventoryTests;
			productReference = 45AAF89C19797F83007BCBB3 /* FireExtinguisherInventoryTests.xctest */;
			productType = "com.apple.product-type.bundle.unit-test";
		};
/* End PBXNativeTarget section */

/* Begin PBXProject section */
		45AAF87919797F83007BCBB3 /* Project object */ = {
			isa = PBXProject;
			attributes = {
				CLASSPREFIX = FXI;
				LastUpgradeCheck = 0510;
				ORGANIZATIONNAME = oregonstate;
				TargetAttributes = {
					45AAF89B19797F83007BCBB3 = {
						TestTargetID = 45AAF88019797F83007BCBB3;
					};
				};
			};
			buildConfigurationList = 45AAF87C19797F83007BCBB3 /* Build configuration list for PBXProject "FireExtinguisherInventory" */;
			compatibilityVersion = "Xcode 3.2";
			developmentRegion = English;
			hasScannedForEncodings = 0;
			knownRegions = (
				en,
			);
			mainGroup = 45AAF87819797F83007BCBB3;
			productRefGroup = 45AAF88219797F83007BCBB3 /* Products */;
			projectDirPath = "";
			projectRoot = "";
			targets = (
				45AAF88019797F83007BCBB3 /* FireExtinguisherInventory */,
				45AAF89B19797F83007BCBB3 /* FireExtinguisherInventoryTests */,
			);
		};
/* End PBXProject section */

/* Begin PBXResourcesBuildPhase section */
		45AAF87F19797F83007BCBB3 /* Resources */ = {
			isa = PBXResourcesBuildPhase;
			buildActionMask = 2147483647;
			files = (
				45AAF88F19797F83007BCBB3 /* InfoPlist.strings in Resources */,
				45AAF89719797F83007BCBB3 /* Images.xcassets in Resources */,
			);
			runOnlyForDeploymentPostprocessing = 0;
		};
		45AAF89A19797F83007BCBB3 /* Resources */ = {
			isa = PBXResourcesBuildPhase;
			buildActionMask = 2147483647;
			files = (
				45AAF8A819797F83007BCBB3 /* InfoPlist.strings in Resources */,
			);
			runOnlyForDeploymentPostprocessing = 0;
		};
/* End PBXResourcesBuildPhase section */

/* Begin PBXSourcesBuildPhase section */
		45AAF87D19797F83007BCBB3 /* Sources */ = {
			isa = PBXSourcesBuildPhase;
			buildActionMask = 2147483647;
			files = (
				45AAF89519797F83007BCBB3 /* FXIAppDelegate.m in Sources */,
				45AAF89119797F83007BCBB3 /* main.m in Sources */,
			);
			runOnlyForDeploymentPostprocessing = 0;
		};
		45AAF89819797F83007BCBB3 /* Sources */ = {
			isa = PBXSourcesBuildPhase;
			buildActionMask = 2147483647;
			files = (
				45AAF8AA19797F83007BCBB3 /* FireExtinguisherInventoryTests.m in Sources */,
			);
			runOnlyForDeploymentPostprocessing = 0;
		};
/* End PBXSourcesBuildPhase section */

/* Begin PBXTargetDependency section */
		45AAF8A219797F83007BCBB3 /* PBXTargetDependency */ = {
			isa = PBXTargetDependency;
			target = 45AAF88019797F83007BCBB3 /* FireExtinguisherInventory */;
			targetProxy = 45AAF8A119797F83007BCBB3 /* PBXContainerItemProxy */;
		};
/* End PBXTargetDependency section */

/* Begin PBXVariantGroup section */
		45AAF88D19797F83007BCBB3 /* InfoPlist.strings */ = {
			isa = PBXVariantGroup;
			children = (
				45AAF88E19797F83007BCBB3 /* en */,
			);
			name = InfoPlist.strings;
			sourceTree = "<group>";
		};
		45AAF8A619797F83007BCBB3 /* InfoPlist.strings */ = {
			isa = PBXVariantGroup;
			children = (
				45AAF8A719797F83007BCBB3 /* en */,
			);
			name = InfoPlist.strings;
			sourceTree = "<group>";
		};
/* End PBXVariantGroup section */

/* Begin XCBuildConfiguration section */
		45AAF8AB19797F83007BCBB3 /* Debug */ = {
			isa = XCBuildConfiguration;
			buildSettings = {
				ALWAYS_SEARCH_USER_PATHS = NO;
				CLANG_CXX_LANGUAGE_STANDARD = "gnu++0x";
				CLANG_CXX_LIBRARY = "libc++";
				CLANG_ENABLE_MODULES = YES;
				CLANG_ENABLE_OBJC_ARC = YES;
				CLANG_WARN_BOOL_CONVERSION = YES;
				CLANG_WARN_CONSTANT_CONVERSION = YES;
				CLANG_WARN_DIRECT_OBJC_ISA_USAGE = YES_ERROR;
				CLANG_WARN_EMPTY_BODY = YES;
				CLANG_WARN_ENUM_CONVERSION = YES;
				CLANG_WARN_INT_CONVERSION = YES;
				CLANG_WARN_OBJC_ROOT_CLASS = YES_ERROR;
				CLANG_WARN__DUPLICATE_METHOD_MATCH = YES;
				"CODE_SIGN_IDENTITY[sdk=iphoneos*]" = "iPhone Developer";
				COPY_PHASE_STRIP = NO;
				GCC_C_LANGUAGE_STANDARD = gnu99;
				GCC_DYNAMIC_NO_PIC = NO;
				GCC_OPTIMIZATION_LEVEL = 0;
				GCC_PREPROCESSOR_DEFINITIONS = (
					"DEBUG=1",
					"$(inherited)",
				);
				GCC_SYMBOLS_PRIVATE_EXTERN = NO;
				GCC_WARN_64_TO_32_BIT_CONVERSION = YES;
				GCC_WARN_ABOUT_RETURN_TYPE = YES_ERROR;
				GCC_WARN_UNDECLARED_SELECTOR = YES;
				GCC_WARN_UNINITIALIZED_AUTOS = YES_AGGRESSIVE;
				GCC_WARN_UNUSED_FUNCTION = YES;
				GCC_WARN_UNUSED_VARIABLE = YES;
				IPHONEOS_DEPLOYMENT_TARGET = 7.1;
				ONLY_ACTIVE_ARCH = YES;
				SDKROOT = iphoneos;
				TARGETED_DEVICE_FAMILY = "1,2";
			};
			name = Debug;
		};
		45AAF8AC19797F83007BCBB3 /* Release */ = {
			isa = XCBuildConfiguration;
			buildSettings = {
				ALWAYS_SEARCH_USER_PATHS = NO;
				CLANG_CXX_LANGUAGE_STANDARD = "gnu++0x";
				CLANG_CXX_LIBRARY = "libc++";
				CLANG_ENABLE_MODULES = YES;
				CLANG_ENABLE_OBJC_ARC = YES;
				CLANG_WARN_BOOL_CONVERSION = YES;
				CLANG_WARN_CONSTANT_CONVERSION = YES;
				CLANG_WARN_DIRECT_OBJC_ISA_USAGE = YES_ERROR;
				CLANG_WARN_EMPTY_BODY = YES;
				CLANG_WARN_ENUM_CONVERSION = YES;
				CLANG_WARN_INT_CONVERSION = YES;
				CLANG_WARN_OBJC_ROOT_CLASS = YES_ERROR;
				CLANG_WARN__DUPLICATE_METHOD_MATCH = YES;
				"CODE_SIGN_IDENTITY[sdk=iphoneos*]" = "iPhone Developer";
				COPY_PHASE_STRIP = YES;
				ENABLE_NS_ASSERTIONS = NO;
				GCC_C_LANGUAGE_STANDARD = gnu99;
				GCC_WARN_64_TO_32_BIT_CONVERSION = YES;
				GCC_WARN_ABOUT_RETURN_TYPE = YES_ERROR;
				GCC_WARN_UNDECLARED_SELECTOR = YES;
				GCC_WARN_UNINITIALIZED_AUTOS = YES_AGGRESSIVE;
				GCC_WARN_UNUSED_FUNCTION = YES;
				GCC_WARN_UNUSED_VARIABLE = YES;
				IPHONEOS_DEPLOYMENT_TARGET = 7.1;
				SDKROOT = iphoneos;
				TARGETED_DEVICE_FAMILY = "1,2";
				VALIDATE_PRODUCT = YES;
			};
			name = Release;
		};
		45AAF8AE19797F83007BCBB3 /* Debug */ = {
			isa = XCBuildConfiguration;
			buildSettings = {
				ASSETCATALOG_COMPILER_APPICON_NAME = AppIcon;
				ASSETCATALOG_COMPILER_LAUNCHIMAGE_NAME = LaunchImage;
				GCC_PRECOMPILE_PREFIX_HEADER = YES;
				GCC_PREFIX_HEADER = "FireExtinguisherInventory/FireExtinguisherInventory-Prefix.pch";
				INFOPLIST_FILE = "FireExtinguisherInventory/FireExtinguisherInventory-Info.plist";
				PRODUCT_NAME = "$(TARGET_NAME)";
				WRAPPER_EXTENSION = app;
			};
			name = Debug;
		};
		45AAF8AF19797F83007BCBB3 /* Release */ = {
			isa = XCBuildConfiguration;
			buildSettings = {
				ASSETCATALOG_COMPILER_APPICON_NAME = AppIcon;
				ASSETCATALOG_COMPILER_LAUNCHIMAGE_NAME = LaunchImage;
				GCC_PRECOMPILE_PREFIX_HEADER = YES;
				GCC_PREFIX_HEADER = "FireExtinguisherInventory/FireExtinguisherInventory-Prefix.pch";
				INFOPLIST_FILE = "FireExtinguisherInventory/FireExtinguisherInventory-Info.plist";
				PRODUCT_NAME = "$(TARGET_NAME)";
				WRAPPER_EXTENSION = app;
			};
			name = Release;
		};
		45AAF8B119797F83007BCBB3 /* Debug */ = {
			isa = XCBuildConfiguration;
			buildSettings = {
				BUNDLE_LOADER = "$(BUILT_PRODUCTS_DIR)/FireExtinguisherInventory.app/FireExtinguisherInventory";
				FRAMEWORK_SEARCH_PATHS = (
					"$(SDKROOT)/Developer/Library/Frameworks",
					"$(inherited)",
					"$(DEVELOPER_FRAMEWORKS_DIR)",
				);
				GCC_PRECOMPILE_PREFIX_HEADER = YES;
				GCC_PREFIX_HEADER = "FireExtinguisherInventory/FireExtinguisherInventory-Prefix.pch";
				GCC_PREPROCESSOR_DEFINITIONS = (
					"DEBUG=1",
					"$(inherited)",
				);
				INFOPLIST_FILE = "FireExtinguisherInventoryTests/FireExtinguisherInventoryTests-Info.plist";
				PRODUCT_NAME = "$(TARGET_NAME)";
				TEST_HOST = "$(BUNDLE_LOADER)";
				WRAPPER_EXTENSION = xctest;
			};
			name = Debug;
		};
		45AAF8B219797F83007BCBB3 /* Release */ = {
			isa = XCBuildConfiguration;
			buildSettings = {
				BUNDLE_LOADER = "$(BUILT_PRODUCTS_DIR)/FireExtinguisherInventory.app/FireExtinguisherInventory";
				FRAMEWORK_SEARCH_PATHS = (
					"$(SDKROOT)/Developer/Library/Frameworks",
					"$(inherited)",
					"$(DEVELOPER_FRAMEWORKS_DIR)",
				);
				GCC_PRECOMPILE_PREFIX_HEADER = YES;
				GCC_PREFIX_HEADER = "FireExtinguisherInventory/FireExtinguisherInventory-Prefix.pch";
				INFOPLIST_FILE = "FireExtinguisherInventoryTests/FireExtinguisherInventoryTests-Info.plist";
				PRODUCT_NAME = "$(TARGET_NAME)";
				TEST_HOST = "$(BUNDLE_LOADER)";
				WRAPPER_EXTENSION = xctest;
			};
			name = Release;
		};
/* End XCBuildConfiguration section */

/* Begin XCConfigurationList section */
		45AAF87C19797F83007BCBB3 /* Build configuration list for PBXProject "FireExtinguisherInventory" */ = {
			isa = XCConfigurationList;
			buildConfigurations = (
				45AAF8AB19797F83007BCBB3 /* Debug */,
				45AAF8AC19797F83007BCBB3 /* Release */,
			);
			defaultConfigurationIsVisible = 0;
			defaultConfigurationName = Release;
		};
		45AAF8AD19797F83007BCBB3 /* Build configuration list for PBXNativeTarget "FireExtinguisherInventory" */ = {
			isa = XCConfigurationList;
			buildConfigurations = (
				45AAF8AE19797F83007BCBB3 /* Debug */,
				45AAF8AF19797F83007BCBB3 /* Release */,
			);
			defaultConfigurationIsVisible = 0;
		};
		45AAF8B019797F83007BCBB3 /* Build configuration list for PBXNativeTarget "FireExtinguisherInventoryTests" */ = {
			isa = XCConfigurationList;
			buildConfigurations = (
				45AAF8B119797F83007BCBB3 /* Debug */,
				45AAF8B219797F83007BCBB3 /* Release */,
			);
			defaultConfigurationIsVisible = 0;
		};
/* End XCConfigurationList section */
	};
	rootObject = 45AAF87919797F83007BCBB3 /* Project object */;
}
